
Microsoft Visual Studio Solution File, Format Version 12.00
# Visual Studio 2013
VisualStudioVersion = 12.0.30501.0
MinimumVisualStudioVersion = 10.0.40219.1
Project("{FAE04EC0-301F-11D3-BF4B-00C04F79EFBC}") = "ScriptCs.Gist", "ScriptCs.Gist.csproj", "{C02C4742-B003-4BDA-96F6-7D2577DB881A}"
EndProject
Global
	GlobalSection(SolutionConfigurationPlatforms) = preSolution
		Debug|Any CPU = Debug|Any CPU
		Release|Any CPU = Release|Any CPU
	EndGlobalSection
	GlobalSection(ProjectConfigurationPlatforms) = postSolution
		{C02C4742-B003-4BDA-96F6-7D2577DB881A}.Debug|Any CPU.ActiveCfg = Debug|Any CPU
		{C02C4742-B003-4BDA-96F6-7D2577DB881A}.Debug|Any CPU.Build.0 = Debug|Any CPU
		{C02C4742-B003-4BDA-96F6-7D2577DB881A}.Release|Any CPU.ActiveCfg = Release|Any CPU
		{C02C4742-B003-4BDA-96F6-7D2577DB881A}.Release|Any CPU.Build.0 = Release|Any CPU
	EndGlobalSection
	GlobalSection(SolutionProperties) = preSolution
		HideSolutionNode = FALSE
	EndGlobalSection
EndGlobal
